{
  "name": "@unimodular/unimod-sdk",
  "version": "0.1.17",
  "lockfileVersion": 3,
  "requires": true,
  "packages": {
    "": {
      "name": "@unimodular/unimod-sdk",
      "version": "0.1.17",
      "license": "GPL-2.0-or-later",
      "devDependencies": {
        "@wagmi/cli": "^2.1.0",
        "abitype": "^1.0.0",
        "typescript": "^5.4.0",
        "viem": "^2.21.0",
        "vitest": "^4.1.10"
      },
      "peerDependencies": {
        "viem": "^2.0.0"
      }
    },
    "../../../node_modules/@adraffy/ens-normalize": {
      "version": "1.11.1",
      "extraneous": true,
      "license": "MIT",
      "devDependencies": {
        "@rollup/plugin-alias": "^5.1.1",
        "@rollup/plugin-terser": "^0.4.4",
        "rollup": "^4.46.2"
      }
    },
    "../../../node_modules/@esbuild/darwin-arm64": {
      "version": "0.25.12",
      "cpu": [
        "arm64"
      ],
      "extraneous": true,
      "license": "MIT",
      "os": [
        "darwin"
      ],
      "engines": {
        "node": ">=18"
      }
    },
    "../../../node_modules/@jridgewell/sourcemap-codec": {
      "version": "1.5.5",
      "extraneous": true,
      "license": "MIT"
    },
    "../../../node_modules/@noble/ciphers": {
      "version": "1.3.0",
      "extraneous": true,
      "license": "MIT",
      "devDependencies": {
        "@paulmillr/jsbt": "0.3.3",
        "@scure/base": "1.2.5",
        "fast-check": "3.0.0",
        "micro-bmark": "0.4.1",
        "micro-should": "0.5.2",
        "prettier": "3.5.3",
        "typescript": "5.8.3"
      },
      "engines": {
        "node": "^14.21.3 || >=16"
      },
      "funding": {
        "url": "https://paulmillr.com/funding/"
      }
    },
    "../../../node_modules/@noble/curves": {
      "version": "1.9.1",
      "extraneous": true,
      "license": "MIT",
      "dependencies": {
        "@noble/hashes": "1.8.0"
      },
      "devDependencies": {
        "@paulmillr/jsbt": "0.4.0",
        "fast-check": "3.0.0",
        "micro-bmark": "0.4.1",
        "micro-should": "0.5.3",
        "prettier": "3.5.3",
        "typescript": "5.8.3"
      },
      "engines": {
        "node": "^14.21.3 || >=16"
      },
      "funding": {
        "url": "https://paulmillr.com/funding/"
      }
    },
    "../../../node_modules/@noble/hashes": {
      "version": "1.8.0",
      "extraneous": true,
      "license": "MIT",
      "devDependencies": {
        "@paulmillr/jsbt": "0.3.3",
        "fast-check": "3.0.0",
        "micro-bmark": "0.4.1",
        "micro-should": "0.5.2",
        "prettier": "3.5.3",
        "typescript": "5.8.3"
      },
      "engines": {
        "node": "^14.21.3 || >=16"
      },
      "funding": {
        "url": "https://paulmillr.com/funding/"
      }
    },
    "../../../node_modules/@oxc-project/types": {
      "version": "0.139.0",
      "extraneous": true,
      "license": "MIT",
      "funding": {
        "url": "https://github.com/sponsors/Boshen"
      }
    },
    "../../../node_modules/@rolldown/binding-darwin-arm64": {
      "version": "1.1.5",
      "cpu": [
        "arm64"
      ],
      "extraneous": true,
      "license": "MIT",
      "os": [
        "darwin"
      ],
      "engines": {
        "node": "^20.19.0 || >=22.12.0"
      }
    },
    "../../../node_modules/@rolldown/pluginutils": {
      "version": "1.0.1",
      "extraneous": true,
      "license": "MIT",
      "devDependencies": {
        "@types/picomatch": "^4.0.3",
        "picomatch": "^4.0.4",
        "typescript": "^5.9.3"
      }
    },
    "../../../node_modules/@scure/base": {
      "version": "1.2.6",
      "extraneous": true,
      "license": "MIT",
      "devDependencies": {
        "@noble/hashes": "1.8.0",
        "@paulmillr/jsbt": "0.3.3",
        "@types/node": "22.15.23",
        "fast-check": "4.1.1",
        "micro-bmark": "0.4.2",
        "micro-should": "0.5.3",
        "prettier": "3.5.3",
        "typescript": "5.8.3"
      },
      "funding": {
        "url": "https://paulmillr.com/funding/"
      }
    },
    "../../../node_modules/@scure/bip32": {
      "version": "1.7.0",
      "extraneous": true,
      "license": "MIT",
      "dependencies": {
        "@noble/curves": "~1.9.0",
        "@noble/hashes": "~1.8.0",
        "@scure/base": "~1.2.5"
      },
      "devDependencies": {
        "@paulmillr/jsbt": "0.3.3",
        "micro-should": "0.5.2",
        "prettier": "3.5.3",
        "typescript": "5.8.3"
      },
      "funding": {
        "url": "https://paulmillr.com/funding/"
      }
    },
    "../../../node_modules/@scure/bip39": {
      "version": "1.6.0",
      "extraneous": true,
      "license": "MIT",
      "dependencies": {
        "@noble/hashes": "~1.8.0",
        "@scure/base": "~1.2.5"
      },
      "devDependencies": {
        "@paulmillr/jsbt": "0.3.3",
        "micro-bmark": "0.4.1",
        "micro-should": "0.5.2",
        "prettier": "3.5.3",
        "typescript": "5.8.3"
      },
      "funding": {
        "url": "https://paulmillr.com/funding/"
      }
    },
    "../../../node_modules/@standard-schema/spec": {
      "version": "1.1.0",
      "extraneous": true,
      "license": "MIT",
      "devDependencies": {
        "tsup": "^8.3.0",
        "typescript": "^5.6.2"
      }
    },
    "../../../node_modules/@types/chai": {
      "version": "5.2.3",
      "extraneous": true,
      "license": "MIT",
      "dependencies": {
        "@types/deep-eql": "*",
        "assertion-error": "^2.0.1"
      }
    },
    "../../../node_modules/@types/deep-eql": {
      "version": "4.0.2",
      "extraneous": true,
      "license": "MIT"
    },
    "../../../node_modules/@types/estree": {
      "version": "1.0.9",
      "extraneous": true,
      "license": "MIT"
    },
    "../../../node_modules/@vitest/expect": {
      "version": "4.1.10",
      "extraneous": true,
      "license": "MIT",
      "dependencies": {
        "@standard-schema/spec": "^1.1.0",
        "@types/chai": "^5.2.2",
        "@vitest/spy": "4.1.10",
        "@vitest/utils": "4.1.10",
        "chai": "^6.2.2",
        "tinyrainbow": "^3.1.0"
      },
      "devDependencies": {
        "@vitest/runner": "4.1.10"
      },
      "funding": {
        "url": "https://opencollective.com/vitest"
      }
    },
    "../../../node_modules/@vitest/pretty-format": {
      "version": "4.1.10",
      "extraneous": true,
      "license": "MIT",
      "dependencies": {
        "tinyrainbow": "^3.1.0"
      },
      "devDependencies": {
        "@types/react-is": "^19.2.0",
        "react-is": "^19.2.4",
        "react-is-18": "npm:react-is@18.3.1"
      },
      "funding": {
        "url": "https://opencollective.com/vitest"
      }
    },
    "../../../node_modules/@vitest/runner": {
      "version": "4.1.10",
      "extraneous": true,
      "license": "MIT",
      "dependencies": {
        "@vitest/utils": "4.1.10",
        "pathe": "^2.0.3"
      },
      "funding": {
        "url": "https://opencollective.com/vitest"
      }
    },
    "../../../node_modules/@vitest/snapshot": {
      "version": "4.1.10",
      "extraneous": true,
      "license": "MIT",
      "dependencies": {
        "@vitest/pretty-format": "4.1.10",
        "@vitest/utils": "4.1.10",
        "magic-string": "^0.30.21",
        "pathe": "^2.0.3"
      },
      "devDependencies": {
        "@types/natural-compare": "^1.4.3",
        "natural-compare": "^1.4.0"
      },
      "funding": {
        "url": "https://opencollective.com/vitest"
      }
    },
    "../../../node_modules/@vitest/spy": {
      "version": "4.1.10",
      "extraneous": true,
      "license": "MIT",
      "funding": {
        "url": "https://opencollective.com/vitest"
      }
    },
    "../../../node_modules/@vitest/utils": {
      "version": "4.1.10",
      "extraneous": true,
      "license": "MIT",
      "dependencies": {
        "@vitest/pretty-format": "4.1.10",
        "convert-source-map": "^2.0.0",
        "tinyrainbow": "^3.1.0"
      },
      "devDependencies": {
        "@jridgewell/trace-mapping": "0.3.31",
        "@types/convert-source-map": "^2.0.3",
        "@types/estree": "^1.0.8",
        "diff-sequences": "^29.6.3",
        "loupe": "^3.2.1"
      },
      "funding": {
        "url": "https://opencollective.com/vitest"
      }
    },
    "../../../node_modules/@wagmi/cli": {
      "version": "2.10.0",
      "dev": true,
      "license": "MIT",
      "dependencies": {
        "abitype": "^1.1.1",
        "bundle-require": "^5.1.0",
        "cac": "^6.7.14",
        "change-case": "^5.4.4",
        "chokidar": "4.0.1",
        "dedent": "^0.7.0",
        "dotenv": "^16.3.1",
        "dotenv-expand": "^10.0.0",
        "esbuild": "~0.25.4",
        "escalade": "3.2.0",
        "fdir": "^6.1.1",
        "nanospinner": "1.2.2",
        "pathe": "^1.1.2",
        "picocolors": "^1.0.0",
        "picomatch": "^3.0.0",
        "prettier": "^3.0.3",
        "viem": "2.x",
        "zod": "^4.1.11"
      },
      "bin": {
        "wagmi": "dist/esm/cli.js"
      },
      "funding": {
        "url": "https://github.com/sponsors/wevm"
      },
      "peerDependencies": {
        "typescript": ">=5.7.3"
      },
      "peerDependenciesMeta": {
        "typescript": {
          "optional": true
        }
      }
    },
    "../../../node_modules/abitype": {
      "version": "1.2.3",
      "dev": true,
      "license": "MIT",
      "funding": {
        "url": "https://github.com/sponsors/wevm"
      },
      "peerDependencies": {
        "typescript": ">=5.0.4",
        "zod": "^3.22.0 || ^4.0.0"
      },
      "peerDependenciesMeta": {
        "typescript": {
          "optional": true
        },
        "zod": {
          "optional": true
        }
      }
    },
    "../../../node_modules/assertion-error": {
      "version": "2.0.1",
      "extraneous": true,
      "license": "MIT",
      "engines": {
        "node": ">=12"
      }
    },
    "../../../node_modules/bundle-require": {
      "version": "5.1.0",
      "extraneous": true,
      "license": "MIT",
      "dependencies": {
        "load-tsconfig": "^0.2.3"
      },
      "devDependencies": {
        "@egoist/prettier-config": "1.0.0",
        "@types/node": "18.11.18",
        "esbuild": "0.18.20",
        "prettier": "2.8.3",
        "tsup": "6.5.0",
        "typescript": "4.9.5",
        "vitest": "0.28.3"
      },
      "engines": {
        "node": "^12.20.0 || ^14.13.1 || >=16.0.0"
      },
      "peerDependencies": {
        "esbuild": ">=0.18"
      }
    },
    "../../../node_modules/cac": {
      "version": "6.7.14",
      "extraneous": true,
      "license": "MIT",
      "devDependencies": {
        "@babel/core": "^7.12.10",
        "@babel/plugin-syntax-typescript": "^7.12.1",
        "@rollup/plugin-commonjs": "^17.0.0",
        "@rollup/plugin-node-resolve": "^11.0.0",
        "@types/fs-extra": "^9.0.5",
        "@types/jest": "^26.0.19",
        "@types/mri": "^1.1.0",
        "cz-conventional-changelog": "^2.1.0",
        "esbuild": "^0.8.21",
        "eslint-config-rem": "^3.0.0",
        "execa": "^5.0.0",
        "fs-extra": "^9.0.1",
        "globby": "^11.0.1",
        "husky": "^1.2.0",
        "jest": "^24.9.0",
        "lint-staged": "^8.1.0",
        "markdown-toc": "^1.2.0",
        "mri": "^1.1.6",
        "prettier": "^2.2.1",
        "rollup": "^2.34.2",
        "rollup-plugin-dts": "^2.0.1",
        "rollup-plugin-esbuild": "^2.6.1",
        "semantic-release": "^17.3.0",
        "sucrase": "^3.16.0",
        "ts-jest": "^26.4.4",
        "ts-node": "^9.1.1",
        "typedoc": "^0.19.2",
        "typescript": "^4.1.2"
      },
      "engines": {
        "node": ">=8"
      }
    },
    "../../../node_modules/chai": {
      "version": "6.2.2",
      "extraneous": true,
      "license": "MIT",
      "devDependencies": {
        "@eslint/js": "^9.17.0",
        "@rollup/plugin-commonjs": "^29.0.0",
        "@web/dev-server-rollup": "^0.6.1",
        "@web/test-runner": "^0.20.0",
        "@web/test-runner-playwright": "^0.11.0",
        "assertion-error": "^2.0.1",
        "c8": "^10.1.3",
        "check-error": "^2.1.1",
        "deep-eql": "^5.0.1",
        "esbuild": "^0.27.0",
        "eslint": "^9.0.0",
        "eslint-plugin-jsdoc": "^61.0.0",
        "globals": "^16.3.0",
        "loupe": "^3.1.0",
        "mocha": "^11.0.0",
        "pathval": "^2.0.0",
        "prettier": "^3.4.2",
        "typescript": "~5.9.0"
      },
      "engines": {
        "node": ">=18"
      }
    },
    "../../../node_modules/change-case": {
      "version": "5.4.4",
      "extraneous": true,
      "license": "MIT"
    },
    "../../../node_modules/chokidar": {
      "version": "4.0.1",
      "extraneous": true,
      "license": "MIT",
      "dependencies": {
        "readdirp": "^4.0.1"
      },
      "devDependencies": {
        "@paulmillr/jsbt": "0.2.1",
        "@types/node": "20.14.8",
        "chai": "4.3.4",
        "prettier": "3.1.1",
        "rimraf": "5.0.5",
        "sinon": "12.0.1",
        "sinon-chai": "3.7.0",
        "typescript": "5.5.2",
        "upath": "2.0.1"
      },
      "engines": {
        "node": ">= 14.16.0"
      },
      "funding": {
        "url": "https://paulmillr.com/funding/"
      }
    },
    "../../../node_modules/convert-source-map": {
      "version": "2.0.0",
      "extraneous": true,
      "license": "MIT",
      "devDependencies": {
        "inline-source-map": "~0.6.2",
        "tap": "~9.0.0"
      }
    },
    "../../../node_modules/dedent": {
      "version": "0.7.0",
      "extraneous": true,
      "license": "MIT",
      "devDependencies": {
        "babel-cli": "^6.22.2",
        "babel-preset-es2015": "^6.22.0",
        "babel-preset-es2016": "^6.22.0",
        "babel-preset-es2017": "^6.22.0",
        "eslint": "^3.14.1",
        "jest": "^18.1.0"
      }
    },
    "../../../node_modules/detect-libc": {
      "version": "2.1.2",
      "extraneous": true,
      "license": "Apache-2.0",
      "devDependencies": {
        "ava": "^2.4.0",
        "benchmark": "^2.1.4",
        "conventional-changelog-cli": "^5.0.0",
        "eslint-config-standard": "^13.0.1",
        "nyc": "^15.1.0",
        "proxyquire": "^2.1.3",
        "semistandard": "^14.2.3"
      },
      "engines": {
        "node": ">=8"
      }
    },
    "../../../node_modules/dotenv": {
      "version": "16.6.1",
      "extraneous": true,
      "license": "BSD-2-Clause",
      "devDependencies": {
        "@types/node": "^18.11.3",
        "decache": "^4.6.2",
        "sinon": "^14.0.1",
        "standard": "^17.0.0",
        "standard-version": "^9.5.0",
        "tap": "^19.2.0",
        "typescript": "^4.8.4"
      },
      "engines": {
        "node": ">=12"
      },
      "funding": {
        "url": "https://dotenvx.com"
      }
    },
    "../../../node_modules/dotenv-expand": {
      "version": "10.0.0",
      "extraneous": true,
      "license": "BSD-2-Clause",
      "devDependencies": {
        "@hapi/lab": "^24.5.1",
        "@types/node": "^17.0.8",
        "dotenv": "16.0.3",
        "lab": "^14.3.4",
        "should": "^11.2.1",
        "standard": "^16.0.4",
        "typescript": "^4.5.4"
      },
      "engines": {
        "node": ">=12"
      }
    },
    "../../../node_modules/es-module-lexer": {
      "version": "2.3.0",
      "extraneous": true,
      "license": "MIT",
      "devDependencies": {
        "@babel/cli": "^7.29.7",
        "@babel/core": "^7.29.7",
        "@babel/plugin-transform-modules-commonjs": "^7.29.7",
        "@swc/cli": "^0.8.1",
        "@swc/core": "^1.15.41",
        "@types/node": "^25.9.3",
        "kleur": "^4.1.5",
        "mocha": "^11.7.6",
        "terser": "^5.48.0",
        "typescript": "^6.0.3"
      }
    },
    "../../../node_modules/esbuild": {
      "version": "0.25.12",
      "extraneous": true,
      "hasInstallScript": true,
      "license": "MIT",
      "bin": {
        "esbuild": "bin/esbuild"
      },
      "engines": {
        "node": ">=18"
      },
      "optionalDependencies": {
        "@esbuild/aix-ppc64": "0.25.12",
        "@esbuild/android-arm": "0.25.12",
        "@esbuild/android-arm64": "0.25.12",
        "@esbuild/android-x64": "0.25.12",
        "@esbuild/darwin-arm64": "0.25.12",
        "@esbuild/darwin-x64": "0.25.12",
        "@esbuild/freebsd-arm64": "0.25.12",
        "@esbuild/freebsd-x64": "0.25.12",
        "@esbuild/linux-arm": "0.25.12",
        "@esbuild/linux-arm64": "0.25.12",
        "@esbuild/linux-ia32": "0.25.12",
        "@esbuild/linux-loong64": "0.25.12",
        "@esbuild/linux-mips64el": "0.25.12",
        "@esbuild/linux-ppc64": "0.25.12",
        "@esbuild/linux-riscv64": "0.25.12",
        "@esbuild/linux-s390x": "0.25.12",
        "@esbuild/linux-x64": "0.25.12",
        "@esbuild/netbsd-arm64": "0.25.12",
        "@esbuild/netbsd-x64": "0.25.12",
        "@esbuild/openbsd-arm64": "0.25.12",
        "@esbuild/openbsd-x64": "0.25.12",
        "@esbuild/openharmony-arm64": "0.25.12",
        "@esbuild/sunos-x64": "0.25.12",
        "@esbuild/win32-arm64": "0.25.12",
        "@esbuild/win32-ia32": "0.25.12",
        "@esbuild/win32-x64": "0.25.12"
      }
    },
    "../../../node_modules/escalade": {
      "version": "3.2.0",
      "extraneous": true,
      "license": "MIT",
      "devDependencies": {
        "bundt": "1.1.1",
        "esm": "3.2.25",
        "uvu": "0.3.3"
      },
      "engines": {
        "node": ">=6"
      }
    },
    "../../../node_modules/estree-walker": {
      "version": "3.0.3",
      "extraneous": true,
      "license": "MIT",
      "dependencies": {
        "@types/estree": "^1.0.0"
      },
      "devDependencies": {
        "typescript": "^4.9.0",
        "uvu": "^0.5.1"
      }
    },
    "../../../node_modules/eventemitter3": {
      "version": "5.0.1",
      "extraneous": true,
      "license": "MIT",
      "devDependencies": {
        "@rollup/plugin-commonjs": "^24.0.0",
        "@rollup/plugin-terser": "^0.4.0",
        "assume": "^2.2.0",
        "c8": "^7.3.1",
        "mocha": "^10.0.0",
        "pre-commit": "^1.2.0",
        "rimraf": "^4.1.2",
        "rollup": "^3.4.0",
        "sauce-browsers": "^3.0.0",
        "sauce-test": "^1.3.3"
      }
    },
    "../../../node_modules/expect-type": {
      "version": "1.4.0",
      "extraneous": true,
      "license": "Apache-2.0",
      "devDependencies": {
        "@arethetypeswrong/cli": "0.18.3",
        "@types/node": "^24.0.0",
        "@typescript/native-preview": "7.0.0-dev.20260609.1",
        "@vitest/ui": "^4.0.0",
        "eslint": "^8.57.0",
        "eslint-plugin-mmkal": "0.9.0",
        "np": "^11.0.0",
        "pkg-pr-new": "0.0.75",
        "strip-ansi": "7.2.0",
        "ts-morph": "27.0.2",
        "typescript": "5.9.3",
        "vitest": "^4.0.0"
      },
      "engines": {
        "node": ">=12.0.0"
      }
    },
    "../../../node_modules/fdir": {
      "version": "6.5.0",
      "extraneous": true,
      "license": "MIT",
      "devDependencies": {
        "@types/glob": "^8.1.0",
        "@types/mock-fs": "^4.13.4",
        "@types/node": "^20.9.4",
        "@types/picomatch": "^4.0.0",
        "@types/tap": "^15.0.11",
        "@vitest/coverage-v8": "^0.34.6",
        "all-files-in-tree": "^1.1.2",
        "benny": "^3.7.1",
        "csv-to-markdown-table": "^1.3.1",
        "expect": "^29.7.0",
        "fast-glob": "^3.3.2",
        "fdir1": "npm:fdir@1.2.0",
        "fdir2": "npm:fdir@2.1.0",
        "fdir3": "npm:fdir@3.4.2",
        "fdir4": "npm:fdir@4.1.0",
        "fdir5": "npm:fdir@5.0.0",
        "fs-readdir-recursive": "^1.1.0",
        "get-all-files": "^4.1.0",
        "glob": "^10.3.10",
        "klaw-sync": "^6.0.0",
        "mock-fs": "^5.2.0",
        "picomatch": "^4.0.2",
        "prettier": "^3.5.3",
        "recur-readdir": "0.0.1",
        "recursive-files": "^1.0.2",
        "recursive-fs": "^2.1.0",
        "recursive-readdir": "^2.2.3",
        "rrdir": "^12.1.0",
        "systeminformation": "^5.21.17",
        "tiny-glob": "^0.2.9",
        "ts-node": "^10.9.1",
        "tsdown": "^0.12.5",
        "typescript": "^5.3.2",
        "vitest": "^0.34.6",
        "walk-sync": "^3.0.0"
      },
      "engines": {
        "node": ">=12.0.0"
      },
      "peerDependencies": {
        "picomatch": "^3 || ^4"
      },
      "peerDependenciesMeta": {
        "picomatch": {
          "optional": true
        }
      }
    },
    "../../../node_modules/isows": {
      "version": "1.0.7",
      "extraneous": true,
      "funding": [
        {
          "type": "github",
          "url": "https://github.com/sponsors/wevm"
        }
      ],
      "license": "MIT",
      "peerDependencies": {
        "ws": "*"
      }
    },
    "../../../node_modules/lightningcss": {
      "version": "1.32.0",
      "extraneous": true,
      "license": "MPL-2.0",
      "dependencies": {
        "detect-libc": "^2.0.3"
      },
      "devDependencies": {
        "@babel/parser": "7.21.4",
        "@babel/traverse": "7.21.4",
        "@codemirror/lang-css": "^6.0.1",
        "@codemirror/lang-javascript": "^6.1.2",
        "@codemirror/lint": "^6.1.0",
        "@codemirror/theme-one-dark": "^6.1.0",
        "@mdn/browser-compat-data": "~7.3.6",
        "@napi-rs/cli": "^2.14.0",
        "autoprefixer": "^10.4.27",
        "caniuse-lite": "^1.0.30001777",
        "codemirror": "^6.0.1",
        "cssnano": "^7.0.6",
        "esbuild": "^0.19.8",
        "flowgen": "^1.21.0",
        "jest-diff": "^27.4.2",
        "json-schema-to-typescript": "^11.0.2",
        "markdown-it-anchor": "^8.6.6",
        "markdown-it-prism": "^2.3.0",
        "markdown-it-table-of-contents": "^0.6.0",
        "napi-wasm": "^1.0.1",
        "node-fetch": "^3.1.0",
        "parcel": "^2.8.2",
        "patch-package": "^6.5.0",
        "path-browserify": "^1.0.1",
        "postcss": "^8.3.11",
        "posthtml-include": "^1.7.4",
        "posthtml-markdownit": "^1.3.1",
        "posthtml-prism": "^1.0.4",
        "process": "^0.11.10",
        "puppeteer": "^12.0.1",
        "recast": "^0.22.0",
        "sharp": "^0.33.5",
        "typescript": "^5.7.2",
        "util": "^0.12.4",
        "uvu": "^0.5.6"
      },
      "engines": {
        "node": ">= 12.0.0"
      },
      "funding": {
        "type": "opencollective",
        "url": "https://opencollective.com/parcel"
      },
      "optionalDependencies": {
        "lightningcss-android-arm64": "1.32.0",
        "lightningcss-darwin-arm64": "1.32.0",
        "lightningcss-darwin-x64": "1.32.0",
        "lightningcss-freebsd-x64": "1.32.0",
        "lightningcss-linux-arm-gnueabihf": "1.32.0",
        "lightningcss-linux-arm64-gnu": "1.32.0",
        "lightningcss-linux-arm64-musl": "1.32.0",
        "lightningcss-linux-x64-gnu": "1.32.0",
        "lightningcss-linux-x64-musl": "1.32.0",
        "lightningcss-win32-arm64-msvc": "1.32.0",
        "lightningcss-win32-x64-msvc": "1.32.0"
      }
    },
    "../../../node_modules/lightningcss-darwin-arm64": {
      "version": "1.32.0",
      "cpu": [
        "arm64"
      ],
      "extraneous": true,
      "license": "MPL-2.0",
      "os": [
        "darwin"
      ],
      "engines": {
        "node": ">= 12.0.0"
      },
      "funding": {
        "type": "opencollective",
        "url": "https://opencollective.com/parcel"
      }
    },
    "../../../node_modules/load-tsconfig": {
      "version": "0.2.5",
      "extraneous": true,
      "license": "MIT",
      "devDependencies": {
        "@egoist/prettier-config": "1.0.0",
        "@types/node": "18.15.3",
        "kanpai": "0.11.0",
        "prettier": "2.8.4",
        "strip-json-comments": "5.0.0",
        "tsup": "6.6.3",
        "typescript": "5.0.2",
        "vitest": "0.29.3"
      },
      "engines": {
        "node": "^12.20.0 || ^14.13.1 || >=16.0.0"
      }
    },
    "../../../node_modules/magic-string": {
      "version": "0.30.21",
      "extraneous": true,
      "license": "MIT",
      "dependencies": {
        "@jridgewell/sourcemap-codec": "^1.5.5"
      },
      "devDependencies": {
        "@eslint/js": "^9.38.0",
        "@rollup/plugin-node-resolve": "^16.0.3",
        "@rollup/plugin-replace": "^6.0.2",
        "benchmark": "^2.1.4",
        "bumpp": "^10.3.1",
        "conventional-changelog-cli": "^5.0.0",
        "eslint": "^9.38.0",
        "prettier": "^3.6.2",
        "publint": "^0.3.15",
        "rollup": "^4.52.5",
        "source-map-js": "^1.2.1",
        "source-map-support": "^0.5.21",
        "vitest": "^4.0.2"
      }
    },
    "../../../node_modules/nanoid": {
      "version": "3.3.15",
      "extraneous": true,
      "funding": [
        {
          "type": "github",
          "url": "https://github.com/sponsors/ai"
        }
      ],
      "license": "MIT",
      "bin": {
        "nanoid": "bin/nanoid.cjs"
      },
      "engines": {
        "node": "^10 || ^12 || ^13.7 || ^14 || >=15.0.1"
      }
    },
    "../../../node_modules/nanospinner": {
      "version": "1.2.2",
      "extraneous": true,
      "license": "MIT",
      "dependencies": {
        "picocolors": "^1.1.1"
      }
    },
    "../../../node_modules/obug": {
      "version": "2.1.3",
      "extraneous": true,
      "funding": [
        "https://github.com/sponsors/sxzz",
        "https://opencollective.com/debug"
      ],
      "license": "MIT",
      "devDependencies": {
        "@sxzz/eslint-config": "^8.1.0",
        "@sxzz/prettier-config": "^2.3.1",
        "@types/debug": "^4.1.13",
        "@types/node": "^25.9.2",
        "@typescript/native-preview": "7.0.0-dev.20260609.1",
        "@vitest/browser-playwright": "^4.1.8",
        "@vitest/coverage-v8": "^4.1.8",
        "bumpp": "^11.1.0",
        "debug": "^4.4.3",
        "eslint": "^10.4.1",
        "playwright": "^1.60.0",
        "prettier": "^3.8.4",
        "tsdown": "^0.22.2",
        "typescript": "^6.0.3",
        "vite": "^8.0.16",
        "vitest": "^4.1.8"
      },
      "engines": {
        "node": ">=12.20.0"
      }
    },
    "../../../node_modules/ox": {
      "version": "0.14.30",
      "extraneous": true,
      "funding": [
        {
          "type": "github",
          "url": "https://github.com/sponsors/wevm"
        }
      ],
      "license": "MIT",
      "dependencies": {
        "@adraffy/ens-normalize": "^1.11.0",
        "@noble/ciphers": "^1.3.0",
        "@noble/curves": "1.9.1",
        "@noble/hashes": "^1.8.0",
        "@scure/bip32": "^1.7.0",
        "@scure/bip39": "^1.6.0",
        "abitype": "^1.2.3",
        "eventemitter3": "5.0.1"
      },
      "peerDependencies": {
        "typescript": ">=5.4.0"
      },
      "peerDependenciesMeta": {
        "typescript": {
          "optional": true
        }
      }
    },
    "../../../node_modules/pathe": {
      "version": "1.1.2",
      "extraneous": true,
      "license": "MIT",
      "devDependencies": {
        "@types/node": "^20.10.8",
        "@vitest/coverage-v8": "^1.1.3",
        "changelogen": "^0.5.5",
        "eslint": "^8.56.0",
        "eslint-config-unjs": "^0.2.1",
        "jiti": "^1.21.0",
        "prettier": "^3.1.1",
        "typescript": "^5.3.3",
        "unbuild": "^2.0.0",
        "vitest": "^1.1.3"
      }
    },
    "../../../node_modules/picocolors": {
      "version": "1.1.1",
      "extraneous": true,
      "license": "ISC"
    },
    "../../../node_modules/picomatch": {
      "version": "3.0.2",
      "extraneous": true,
      "license": "MIT",
      "devDependencies": {
        "eslint": "^6.8.0",
        "fill-range": "^7.0.1",
        "gulp-format-md": "^2.0.0",
        "mocha": "^6.2.2",
        "nyc": "^15.0.0",
        "time-require": "github:jonschlinkert/time-require"
      },
      "engines": {
        "node": ">=10"
      },
      "funding": {
        "url": "https://github.com/sponsors/jonschlinkert"
      }
    },
    "../../../node_modules/postcss": {
      "version": "8.5.16",
      "extraneous": true,
      "funding": [
        {
          "type": "opencollective",
          "url": "https://opencollective.com/postcss/"
        },
        {
          "type": "tidelift",
          "url": "https://tidelift.com/funding/github/npm/postcss"
        },
        {
          "type": "github",
          "url": "https://github.com/sponsors/ai"
        }
      ],
      "license": "MIT",
      "dependencies": {
        "nanoid": "^3.3.12",
        "picocolors": "^1.1.1",
        "source-map-js": "^1.2.1"
      },
      "engines": {
        "node": "^10 || ^12 || >=14"
      }
    },
    "../../../node_modules/prettier": {
      "version": "3.9.0",
      "extraneous": true,
      "license": "MIT",
      "bin": {
        "prettier": "bin/prettier.cjs"
      },
      "engines": {
        "node": ">=14"
      },
      "funding": {
        "url": "https://github.com/prettier/prettier?sponsor=1"
      }
    },
    "../../../node_modules/readdirp": {
      "version": "4.1.2",
      "extraneous": true,
      "license": "MIT",
      "devDependencies": {
        "@paulmillr/jsbt": "0.3.1",
        "@types/node": "20.14.8",
        "c8": "10.1.3",
        "chai": "4.3.4",
        "chai-subset": "1.6.0",
        "micro-should": "0.5.0",
        "prettier": "3.1.1",
        "typescript": "5.5.2"
      },
      "engines": {
        "node": ">= 14.18.0"
      },
      "funding": {
        "type": "individual",
        "url": "https://paulmillr.com/funding/"
      }
    },
    "../../../node_modules/rolldown": {
      "version": "1.1.5",
      "extraneous": true,
      "license": "MIT",
      "dependencies": {
        "@oxc-project/types": "=0.139.0",
        "@rolldown/pluginutils": "^1.0.0"
      },
      "bin": {
        "rolldown": "bin/cli.mjs"
      },
      "devDependencies": {
        "@napi-rs/cli": "^3.7.2",
        "@napi-rs/wasm-runtime": "^1.1.6",
        "@oxc-node/cli": "^0.1.0",
        "@rollup/plugin-json": "^6.1.0",
        "buble": "^0.20.0",
        "cac": "^7.0.0",
        "consola": "^3.4.2",
        "execa": "^9.2.0",
        "fresh-import": "^0.2.1",
        "glob": "^13.0.0",
        "oxc-parser": "=0.139.0",
        "pathe": "^2.0.3",
        "remeda": "^2.34.1",
        "rolldown": "1.1.5",
        "rolldown-plugin-dts": "^0.26.0",
        "rollup": "^4.60.4",
        "signal-exit": "4.1.0",
        "source-map": "0.7.6",
        "typescript": "^6.0.0",
        "valibot": "1.4.2"
      },
      "engines": {
        "node": "^20.19.0 || >=22.12.0"
      },
      "optionalDependencies": {
        "@rolldown/binding-android-arm64": "1.1.5",
        "@rolldown/binding-darwin-arm64": "1.1.5",
        "@rolldown/binding-darwin-x64": "1.1.5",
        "@rolldown/binding-freebsd-x64": "1.1.5",
        "@rolldown/binding-linux-arm-gnueabihf": "1.1.5",
        "@rolldown/binding-linux-arm64-gnu": "1.1.5",
        "@rolldown/binding-linux-arm64-musl": "1.1.5",
        "@rolldown/binding-linux-ppc64-gnu": "1.1.5",
        "@rolldown/binding-linux-s390x-gnu": "1.1.5",
        "@rolldown/binding-linux-x64-gnu": "1.1.5",
        "@rolldown/binding-linux-x64-musl": "1.1.5",
        "@rolldown/binding-openharmony-arm64": "1.1.5",
        "@rolldown/binding-wasm32-wasi": "1.1.5",
        "@rolldown/binding-win32-arm64-msvc": "1.1.5",
        "@rolldown/binding-win32-x64-msvc": "1.1.5"
      }
    },
    "../../../node_modules/siginfo": {
      "version": "2.0.0",
      "extraneous": true,
      "license": "ISC",
      "devDependencies": {
        "standard": "^14.3.4"
      }
    },
    "../../../node_modules/source-map-js": {
      "version": "1.2.1",
      "extraneous": true,
      "license": "BSD-3-Clause",
      "devDependencies": {
        "clean-publish": "^3.1.0",
        "doctoc": "^0.15.0",
        "webpack": "^1.12.0"
      },
      "engines": {
        "node": ">=0.10.0"
      }
    },
    "../../../node_modules/stackback": {
      "version": "0.0.2",
      "extraneous": true,
      "license": "MIT",
      "devDependencies": {
        "mocha": "~1.6.0"
      }
    },
    "../../../node_modules/std-env": {
      "version": "4.2.0",
      "extraneous": true,
      "license": "MIT",
      "devDependencies": {
        "@types/node": "^26.1.0",
        "@typescript/native-preview": "latest",
        "@vitest/coverage-v8": "^4.1.10",
        "changelogen": "^0.6.2",
        "esbuild": "^0.28.1",
        "mitata": "^1.0.34",
        "obuild": "^0.4.37",
        "oxfmt": "^0.57.0",
        "oxlint": "^1.72.0",
        "rollup": "^4.62.2",
        "typescript": "^6.0.3",
        "vitest": "^4.1.10"
      }
    },
    "../../../node_modules/tinybench": {
      "version": "2.9.0",
      "extraneous": true,
      "license": "MIT"
    },
    "../../../node_modules/tinyexec": {
      "version": "1.2.4",
      "extraneous": true,
      "license": "MIT",
      "devDependencies": {
        "@eslint/js": "^10.0.1",
        "@types/node": "^25.9.1",
        "@vitest/coverage-v8": "^4.1.7",
        "eslint": "^10.4.0",
        "prettier": "^3.8.3",
        "publint": "^0.3.21",
        "tsdown": "^0.22.0",
        "typescript": "^6.0.3",
        "typescript-eslint": "^8.60.0",
        "vitest": "^4.0.7"
      },
      "engines": {
        "node": ">=18"
      }
    },
    "../../../node_modules/tinyglobby": {
      "version": "0.2.17",
      "extraneous": true,
      "license": "MIT",
      "dependencies": {
        "fdir": "^6.5.0",
        "picomatch": "^4.0.4"
      },
      "devDependencies": {
        "@biomejs/biome": "^2.4.16",
        "@types/node": "^25.9.1",
        "@types/picomatch": "^4.0.3",
        "fast-glob": "^3.3.3",
        "fs-fixture": "^2.14.0",
        "glob": "^13.0.6",
        "tinybench": "^6.0.2",
        "tsdown": "^0.22.1",
        "typescript": "^6.0.3"
      },
      "engines": {
        "node": ">=12.0.0"
      },
      "funding": {
        "url": "https://github.com/sponsors/SuperchupuDev"
      }
    },
    "../../../node_modules/tinyrainbow": {
      "version": "3.1.0",
      "extraneous": true,
      "license": "MIT",
      "engines": {
        "node": ">=14.0.0"
      }
    },
    "../../../node_modules/typescript": {
      "version": "5.9.3",
      "dev": true,
      "license": "Apache-2.0",
      "bin": {
        "tsc": "bin/tsc",
        "tsserver": "bin/tsserver"
      },
      "devDependencies": {
        "@dprint/formatter": "^0.4.1",
        "@dprint/typescript": "0.93.4",
        "@esfx/canceltoken": "^1.0.0",
        "@eslint/js": "^9.20.0",
        "@octokit/rest": "^21.1.1",
        "@types/chai": "^4.3.20",
        "@types/diff": "^7.0.1",
        "@types/minimist": "^1.2.5",
        "@types/mocha": "^10.0.10",
        "@types/ms": "^0.7.34",
        "@types/node": "latest",
        "@types/source-map-support": "^0.5.10",
        "@types/which": "^3.0.4",
        "@typescript-eslint/rule-tester": "^8.24.1",
        "@typescript-eslint/type-utils": "^8.24.1",
        "@typescript-eslint/utils": "^8.24.1",
        "azure-devops-node-api": "^14.1.0",
        "c8": "^10.1.3",
        "chai": "^4.5.0",
        "chokidar": "^4.0.3",
        "diff": "^7.0.0",
        "dprint": "^0.49.0",
        "esbuild": "^0.25.0",
        "eslint": "^9.20.1",
        "eslint-formatter-autolinkable-stylish": "^1.4.0",
        "eslint-plugin-regexp": "^2.7.0",
        "fast-xml-parser": "^4.5.2",
        "glob": "^10.4.5",
        "globals": "^15.15.0",
        "hereby": "^1.10.0",
        "jsonc-parser": "^3.3.1",
        "knip": "^5.44.4",
        "minimist": "^1.2.8",
        "mocha": "^10.8.2",
        "mocha-fivemat-progress-reporter": "^0.1.0",
        "monocart-coverage-reports": "^2.12.1",
        "ms": "^2.1.3",
        "picocolors": "^1.1.1",
        "playwright": "^1.50.1",
        "source-map-support": "^0.5.21",
        "tslib": "^2.8.1",
        "typescript": "^5.7.3",
        "typescript-eslint": "^8.24.1",
        "which": "^3.0.1"
      },
      "engines": {
        "node": ">=14.17"
      }
    },
    "../../../node_modules/viem": {
      "version": "2.55.0",
      "dev": true,
      "funding": [
        {
          "type": "github",
          "url": "https://github.com/sponsors/wevm"
        }
      ],
      "license": "MIT",
      "dependencies": {
        "@noble/curves": "1.9.1",
        "@noble/hashes": "1.8.0",
        "@scure/bip32": "1.7.0",
        "@scure/bip39": "1.6.0",
        "abitype": "1.2.3",
        "isows": "1.0.7",
        "ox": "0.14.30",
        "ws": "8.21.0"
      },
      "peerDependencies": {
        "typescript": ">=5.0.4"
      },
      "peerDependenciesMeta": {
        "typescript": {
          "optional": true
        }
      }
    },
    "../../../node_modules/vitest": {
      "version": "4.1.10",
      "dev": true,
      "license": "MIT",
      "dependencies": {
        "@vitest/expect": "4.1.10",
        "@vitest/mocker": "4.1.10",
        "@vitest/pretty-format": "4.1.10",
        "@vitest/runner": "4.1.10",
        "@vitest/snapshot": "4.1.10",
        "@vitest/spy": "4.1.10",
        "@vitest/utils": "4.1.10",
        "es-module-lexer": "^2.0.0",
        "expect-type": "^1.3.0",
        "magic-string": "^0.30.21",
        "obug": "^2.1.1",
        "pathe": "^2.0.3",
        "picomatch": "^4.0.3",
        "std-env": "^4.0.0-rc.1",
        "tinybench": "^2.9.0",
        "tinyexec": "^1.0.2",
        "tinyglobby": "^0.2.15",
        "tinyrainbow": "^3.1.0",
        "vite": "^6.0.0 || ^7.0.0 || ^8.0.0",
        "why-is-node-running": "^2.3.0"
      },
      "bin": {
        "vitest": "vitest.mjs"
      },
      "devDependencies": {
        "@antfu/install-pkg": "^1.1.0",
        "@bomb.sh/tab": "^0.0.14",
        "@edge-runtime/vm": "^5.0.0",
        "@jridgewell/trace-mapping": "0.3.31",
        "@opentelemetry/api": "^1.9.0",
        "@sinonjs/fake-timers": "15.0.0",
        "@types/estree": "^1.0.8",
        "@types/istanbul-lib-coverage": "^2.0.6",
        "@types/istanbul-reports": "^3.0.4",
        "@types/jsdom": "^27.0.0",
        "@types/node": "^24.12.0",
        "@types/picomatch": "^4.0.2",
        "@types/prompts": "^2.4.9",
        "@types/sinonjs__fake-timers": "^15.0.1",
        "acorn": "8.11.3",
        "acorn-walk": "^8.3.5",
        "birpc": "^4.0.0",
        "cac": "^6.7.14",
        "empathic": "^2.0.0",
        "flatted": "^3.4.2",
        "happy-dom": "^20.8.3",
        "jsdom": "^27.4.0",
        "local-pkg": "^1.1.2",
        "mime": "^4.1.0",
        "prompts": "^2.4.2",
        "strip-literal": "^3.1.0",
        "tinyhighlight": "^0.3.2",
        "ws": "^8.19.0"
      },
      "engines": {
        "node": "^20.0.0 || ^22.0.0 || >=24.0.0"
      },
      "funding": {
        "url": "https://opencollective.com/vitest"
      },
      "peerDependencies": {
        "@edge-runtime/vm": "*",
        "@opentelemetry/api": "^1.9.0",
        "@types/node": "^20.0.0 || ^22.0.0 || >=24.0.0",
        "@vitest/browser-playwright": "4.1.10",
        "@vitest/browser-preview": "4.1.10",
        "@vitest/browser-webdriverio": "4.1.10",
        "@vitest/coverage-istanbul": "4.1.10",
        "@vitest/coverage-v8": "4.1.10",
        "@vitest/ui": "4.1.10",
        "happy-dom": "*",
        "jsdom": "*",
        "vite": "^6.0.0 || ^7.0.0 || ^8.0.0"
      },
      "peerDependenciesMeta": {
        "@edge-runtime/vm": {
          "optional": true
        },
        "@opentelemetry/api": {
          "optional": true
        },
        "@types/node": {
          "optional": true
        },
        "@vitest/browser-playwright": {
          "optional": true
        },
        "@vitest/browser-preview": {
          "optional": true
        },
        "@vitest/browser-webdriverio": {
          "optional": true
        },
        "@vitest/coverage-istanbul": {
          "optional": true
        },
        "@vitest/coverage-v8": {
          "optional": true
        },
        "@vitest/ui": {
          "optional": true
        },
        "happy-dom": {
          "optional": true
        },
        "jsdom": {
          "optional": true
        },
        "vite": {
          "optional": false
        }
      }
    },
    "../../../node_modules/vitest/node_modules/@vitest/mocker": {
      "version": "4.1.10",
      "dev": true,
      "license": "MIT",
      "dependencies": {
        "@vitest/spy": "4.1.10",
        "estree-walker": "^3.0.3",
        "magic-string": "^0.30.21"
      },
      "funding": {
        "url": "https://opencollective.com/vitest"
      },
      "peerDependencies": {
        "msw": "^2.4.9",
        "vite": "^6.0.0 || ^7.0.0 || ^8.0.0"
      },
      "peerDependenciesMeta": {
        "msw": {
          "optional": true
        },
        "vite": {
          "optional": true
        }
      }
    },
    "../../../node_modules/vitest/node_modules/pathe": {
      "version": "2.0.3",
      "dev": true,
      "license": "MIT"
    },
    "../../../node_modules/vitest/node_modules/picomatch": {
      "version": "4.0.5",
      "dev": true,
      "license": "MIT",
      "engines": {
        "node": ">=12"
      },
      "funding": {
        "url": "https://github.com/sponsors/jonschlinkert"
      }
    },
    "../../../node_modules/vitest/node_modules/vite": {
      "version": "8.1.4",
      "dev": true,
      "license": "MIT",
      "dependencies": {
        "lightningcss": "^1.32.0",
        "picomatch": "^4.0.5",
        "postcss": "^8.5.16",
        "rolldown": "~1.1.4",
        "tinyglobby": "^0.2.17"
      },
      "bin": {
        "vite": "bin/vite.js"
      },
      "engines": {
        "node": "^20.19.0 || >=22.12.0"
      },
      "funding": {
        "url": "https://github.com/vitejs/vite?sponsor=1"
      },
      "optionalDependencies": {
        "fsevents": "~2.3.3"
      },
      "peerDependencies": {
        "@types/node": "^20.19.0 || >=22.12.0",
        "@vitejs/devtools": "^0.3.0",
        "esbuild": "^0.27.0 || ^0.28.0",
        "jiti": ">=1.21.0",
        "less": "^4.0.0",
        "sass": "^1.70.0",
        "sass-embedded": "^1.70.0",
        "stylus": ">=0.54.8",
        "sugarss": "^5.0.0",
        "terser": "^5.16.0",
        "tsx": "^4.8.1",
        "yaml": "^2.4.2"
      },
      "peerDependenciesMeta": {
        "@types/node": {
          "optional": true
        },
        "@vitejs/devtools": {
          "optional": true
        },
        "esbuild": {
          "optional": true
        },
        "jiti": {
          "optional": true
        },
        "less": {
          "optional": true
        },
        "sass": {
          "optional": true
        },
        "sass-embedded": {
          "optional": true
        },
        "stylus": {
          "optional": true
        },
        "sugarss": {
          "optional": true
        },
        "terser": {
          "optional": true
        },
        "tsx": {
          "optional": true
        },
        "yaml": {
          "optional": true
        }
      }
    },
    "../../../node_modules/why-is-node-running": {
      "version": "2.3.0",
      "extraneous": true,
      "license": "MIT",
      "dependencies": {
        "siginfo": "^2.0.0",
        "stackback": "0.0.2"
      },
      "bin": {
        "why-is-node-running": "cli.js"
      },
      "engines": {
        "node": ">=8"
      }
    },
    "../../../node_modules/ws": {
      "version": "8.21.0",
      "extraneous": true,
      "license": "MIT",
      "devDependencies": {
        "@eslint/js": "^10.0.1",
        "benchmark": "^2.1.4",
        "bufferutil": "^4.0.1",
        "eslint": "^10.0.1",
        "eslint-config-prettier": "^10.0.1",
        "eslint-plugin-prettier": "^5.0.0",
        "globals": "^17.0.0",
        "mocha": "^8.4.0",
        "nyc": "^15.0.0",
        "prettier": "^3.0.0",
        "utf-8-validate": "^6.0.0"
      },
      "engines": {
        "node": ">=10.0.0"
      },
      "peerDependencies": {
        "bufferutil": "^4.0.1",
        "utf-8-validate": ">=5.0.2"
      },
      "peerDependenciesMeta": {
        "bufferutil": {
          "optional": true
        },
        "utf-8-validate": {
          "optional": true
        }
      }
    },
    "../../../node_modules/zod": {
      "version": "4.4.3",
      "extraneous": true,
      "license": "MIT",
      "funding": {
        "url": "https://github.com/sponsors/colinhacks"
      }
    },
    "node_modules/@wagmi/cli": {
      "resolved": "../../../node_modules/@wagmi/cli",
      "link": true
    },
    "node_modules/abitype": {
      "resolved": "../../../node_modules/abitype",
      "link": true
    },
    "node_modules/typescript": {
      "resolved": "../../../node_modules/typescript",
      "link": true
    },
    "node_modules/viem": {
      "resolved": "../../../node_modules/viem",
      "link": true
    },
    "node_modules/vitest": {
      "resolved": "../../../node_modules/vitest",
      "link": true
    }
  }
}
